
Microsoft Visual Studio Solution File, Format Version 12.00
# Visual Studio 15
VisualStudioVersion = 15.0.28307.645
MinimumVisualStudioVersion = 10.0.40219.1
Project("{9A19103F-16F7-4668-BE54-9A1E7A4F7556}") = "DatingApi.API", "DatingApi.API\DatingApi.API.csproj", "{F9B46F78-6999-4EE2-A2FB-9A263933CF55}"
EndProject
Global
	GlobalSection(SolutionConfigurationPlatforms) = preSolution
		Debug|Any CPU = Debug|Any CPU
		Release|Any CPU = Release|Any CPU
	EndGlobalSection
	GlobalSection(ProjectConfigurationPlatforms) = postSolution
		{F9B46F78-6999-4EE2-A2FB-9A263933CF55}.Debug|Any CPU.ActiveCfg = Debug|Any CPU
		{F9B46F78-6999-4EE2-A2FB-9A263933CF55}.Debug|Any CPU.Build.0 = Debug|Any CPU
		{F9B46F78-6999-4EE2-A2FB-9A263933CF55}.Release|Any CPU.ActiveCfg = Release|Any CPU
		{F9B46F78-6999-4EE2-A2FB-9A263933CF55}.Release|Any CPU.Build.0 = Release|Any CPU
	EndGlobalSection
	GlobalSection(SolutionProperties) = preSolution
		HideSolutionNode = FALSE
	EndGlobalSection
	GlobalSection(ExtensibilityGlobals) = postSolution
		SolutionGuid = {F418BF04-9E47-4619-B2FA-6686A53EEE4A}
	EndGlobalSection
EndGlobal
